// !$*UTF8*$!
{
	archiveVersion = 1;
	classes = {
	};
	objectVersion = 46;
	objects = {

/* Begin PBXBuildFile section */
		3D1C9DD919F4FA6E00EEE501 /* main.m in Sources */ = {isa = PBXBuildFile; fileRef = 3D1C9DD819F4FA6E00EEE501 /* main.m */; };
		3D1C9DDC19F4FA6E00EEE501 /* AppDelegate.m in Sources */ = {isa = PBXBuildFile; fileRef = 3D1C9DDB19F4FA6E00EEE501 /* AppDelegate.m */; };
		3D1C9DDF19F4FA6E00EEE501 /* uTikoClusterizationTesting.xcdatamodeld in Sources */ = {isa = PBXBuildFile; fileRef = 3D1C9DDD19F4FA6E00EEE501 /* uTikoClusterizationTesting.xcdatamodeld */; };
		3D1C9DE219F4FA6E00EEE501 /* ViewController.m in Sources */ = {isa = PBXBuildFile; fileRef = 3D1C9DE119F4FA6E00EEE501 /* ViewController.m */; };
		3D1C9DE519F4FA6E00EEE501 /* Main.storyboard in Resources */ = {isa = PBXBuildFile; fileRef = 3D1C9DE319F4FA6E00EEE501 /* Main.storyboard */; };
		3D1C9DE719F4FA6E00EEE501 /* Images.xcassets in Resources */ = {isa = PBXBuildFile; fileRef = 3D1C9DE619F4FA6E00EEE501 /* Images.xcassets */; };
		3D1C9DEA19F4FA6E00EEE501 /* LaunchScreen.xib in Resources */ = {isa = PBXBuildFile; fileRef = 3D1C9DE819F4FA6E00EEE501 /* LaunchScreen.xib */; };
		3D1C9DF619F4FA6E00EEE501 /* uTikoClusterizationTestingTests.m in Sources */ = {isa = PBXBuildFile; fileRef = 3D1C9DF519F4FA6E00EEE501 /* uTikoClusterizationTestingTests.m */; };
		3D1C9E1219F4FD4200EEE501 /* uTikoMKAnnotationObject.m in Sources */ = {isa = PBXBuildFile; fileRef = 3D1C9E0919F4FD4200EEE501 /* uTikoMKAnnotationObject.m */; };
		3D1C9E1319F4FD4200EEE501 /* uTikoMKClusterAnnotation.m in Sources */ = {isa = PBXBuildFile; fileRef = 3D1C9E0B19F4FD4200EEE501 /* uTikoMKClusterAnnotation.m */; };
		3D1C9E1419F4FD4200EEE501 /* uTikoMKClusterController.m in Sources */ = {isa = PBXBuildFile; fileRef = 3D1C9E0D19F4FD4200EEE501 /* uTikoMKClusterController.m */; };
		3D1C9E1619F4FFB300EEE501 /* MapKit.framework in Frameworks */ = {isa = PBXBuildFile; fileRef = 3D1C9E1519F4FFB300EEE501 /* MapKit.framework */; };
		3D1C9E1919F5056D00EEE501 /* AirportAnnotationObject.m in Sources */ = {isa = PBXBuildFile; fileRef = 3D1C9E1819F5056D00EEE501 /* AirportAnnotationObject.m */; };
		3D1C9E1B19F506BC00EEE501 /* Airports.plist in Resources */ = {isa = PBXBuildFile; fileRef = 3D1C9E1A19F506BC00EEE501 /* Airports.plist */; };
		3D1C9E1E19F54CC700EEE501 /* ClusterAnnotationView.m in Sources */ = {isa = PBXBuildFile; fileRef = 3D1C9E1D19F54CC700EEE501 /* ClusterAnnotationView.m */; };
		3D1C9E2119F54D8B00EEE501 /* icon_cluster@2x.png in Resources */ = {isa = PBXBuildFile; fileRef = 3D1C9E1F19F54D8B00EEE501 /* icon_cluster@2x.png */; };
		3D1C9E2219F54D8B00EEE501 /* icon_pin@2x.png in Resources */ = {isa = PBXBuildFile; fileRef = 3D1C9E2019F54D8B00EEE501 /* icon_pin@2x.png */; };
/* End PBXBuildFile section */

/* Begin PBXContainerItemProxy section */
		3D1C9DF019F4FA6E00EEE501 /* PBXContainerItemProxy */ = {
			isa = PBXContainerItemProxy;
			containerPortal = 3D1C9DCB19F4FA6E00EEE501 /* Project object */;
			proxyType = 1;
			remoteGlobalIDString = 3D1C9DD219F4FA6E00EEE501;
			remoteInfo = uTikoClusterizationTesting;
		};
/* End PBXContainerItemProxy section */

/* Begin PBXFileReference section */
		3D1C9DD319F4FA6E00EEE501 /* uTikoClusterizationTesting.app */ = {isa = PBXFileReference; explicitFileType = wrapper.application; includeInIndex = 0; path = uTikoClusterizationTesting.app; sourceTree = BUILT_PRODUCTS_DIR; };
		3D1C9DD719F4FA6E00EEE501 /* Info.plist */ = {isa = PBXFileReference; lastKnownFileType = text.plist.xml; path = Info.plist; sourceTree = "<group>"; };
		3D1C9DD819F4FA6E00EEE501 /* main.m */ = {isa = PBXFileReference; lastKnownFileType = sourcecode.c.objc; path = main.m; sourceTree = "<group>"; };
		3D1C9DDA19F4FA6E00EEE501 /* AppDelegate.h */ = {isa = PBXFileReference; lastKnownFileType = sourcecode.c.h; path = AppDelegate.h; sourceTree = "<group>"; };
		3D1C9DDB19F4FA6E00EEE501 /* AppDelegate.m */ = {isa = PBXFileReference; lastKnownFileType = sourcecode.c.objc; path = AppDelegate.m; sourceTree = "<group>"; };
		3D1C9DDE19F4FA6E00EEE501 /* uTikoClusterizationTesting.xcdatamodel */ = {isa = PBXFileReference; lastKnownFileType = wrapper.xcdatamodel; path = uTikoClusterizationTesting.xcdatamodel; sourceTree = "<group>"; };
		3D1C9DE019F4FA6E00EEE501 /* ViewController.h */ = {isa = PBXFileReference; lastKnownFileType = sourcecode.c.h; path = ViewController.h; sourceTree = "<group>"; };
		3D1C9DE119F4FA6E00EEE501 /* ViewController.m */ = {isa = PBXFileReference; lastKnownFileType = sourcecode.c.objc; path = ViewController.m; sourceTree = "<group>"; };
		3D1C9DE419F4FA6E00EEE501 /* Base */ = {isa = PBXFileReference; lastKnownFileType = file.storyboard; name = Base; path = Base.lproj/Main.storyboard; sourceTree = "<group>"; };
		3D1C9DE619F4FA6E00EEE501 /* Images.xcassets */ = {isa = PBXFileReference; lastKnownFileType = folder.assetcatalog; path = Images.xcassets; sourceTree = "<group>"; };
		3D1C9DE919F4FA6E00EEE501 /* Base */ = {isa = PBXFileReference; lastKnownFileType = file.xib; name = Base; path = Base.lproj/LaunchScreen.xib; sourceTree = "<group>"; };
		3D1C9DEF19F4FA6E00EEE501 /* uTikoClusterizationTestingTests.xctest */ = {isa = PBXFileReference; explicitFileType = wrapper.cfbundle; includeInIndex = 0; path = uTikoClusterizationTestingTests.xctest; sourceTree = BUILT_PRODUCTS_DIR; };
		3D1C9DF419F4FA6E00EEE501 /* Info.plist */ = {isa = PBXFileReference; lastKnownFileType = text.plist.xml; path = Info.plist; sourceTree = "<group>"; };
		3D1C9DF519F4FA6E00EEE501 /* uTikoClusterizationTestingTests.m */ = {isa = PBXFileReference; lastKnownFileType = sourcecode.c.objc; path = uTikoClusterizationTestingTests.m; sourceTree = "<group>"; };
		3D1C9E0819F4FD4200EEE501 /* uTikoMKAnnotationObject.h */ = {isa = PBXFileReference; fileEncoding = 4; lastKnownFileType = sourcecode.c.h; path = uTikoMKAnnotationObject.h; sourceTree = "<group>"; };
		3D1C9E0919F4FD4200EEE501 /* uTikoMKAnnotationObject.m */ = {isa = PBXFileReference; fileEncoding = 4; lastKnownFileType = sourcecode.c.objc; path = uTikoMKAnnotationObject.m; sourceTree = "<group>"; };
		3D1C9E0A19F4FD4200EEE501 /* uTikoMKClusterAnnotation.h */ = {isa = PBXFileReference; fileEncoding = 4; lastKnownFileType = sourcecode.c.h; path = uTikoMKClusterAnnotation.h; sourceTree = "<group>"; };
		3D1C9E0B19F4FD4200EEE501 /* uTikoMKClusterAnnotation.m */ = {isa = PBXFileReference; fileEncoding = 4; lastKnownFileType = sourcecode.c.objc; path = uTikoMKClusterAnnotation.m; sourceTree = "<group>"; };
		3D1C9E0C19F4FD4200EEE501 /* uTikoMKClusterController.h */ = {isa = PBXFileReference; fileEncoding = 4; lastKnownFileType = sourcecode.c.h; path = uTikoMKClusterController.h; sourceTree = "<group>"; };
		3D1C9E0D19F4FD4200EEE501 /* uTikoMKClusterController.m */ = {isa = PBXFileReference; fileEncoding = 4; lastKnownFileType = sourcecode.c.objc; path = uTikoMKClusterController.m; sourceTree = "<group>"; };
		3D1C9E1519F4FFB300EEE501 /* MapKit.framework */ = {isa = PBXFileReference; lastKnownFileType = wrapper.framework; name = MapKit.framework; path = System/Library/Frameworks/MapKit.framework; sourceTree = SDKROOT; };
		3D1C9E1719F5056D00EEE501 /* AirportAnnotationObject.h */ = {isa = PBXFileReference; fileEncoding = 4; lastKnownFileType = sourcecode.c.h; path = AirportAnnotationObject.h; sourceTree = "<group>"; };
		3D1C9E1819F5056D00EEE501 /* AirportAnnotationObject.m */ = {isa = PBXFileReference; fileEncoding = 4; lastKnownFileType = sourcecode.c.objc; path = AirportAnnotationObject.m; sourceTree = "<group>"; };
		3D1C9E1A19F506BC00EEE501 /* Airports.plist */ = {isa = PBXFileReference; lastKnownFileType = file.bplist; path = Airports.plist; sourceTree = "<group>"; };
		3D1C9E1C19F54CC700EEE501 /* ClusterAnnotationView.h */ = {isa = PBXFileReference; fileEncoding = 4; lastKnownFileType = sourcecode.c.h; path = ClusterAnnotationView.h; sourceTree = "<group>"; };
		3D1C9E1D19F54CC700EEE501 /* ClusterAnnotationView.m */ = {isa = PBXFileReference; fileEncoding = 4; lastKnownFileType = sourcecode.c.objc; path = ClusterAnnotationView.m; sourceTree = "<group>"; };
		3D1C9E1F19F54D8B00EEE501 /* icon_cluster@2x.png */ = {isa = PBXFileReference; lastKnownFileType = image.png; path = "icon_cluster@2x.png"; sourceTree = "<group>"; };
		3D1C9E2019F54D8B00EEE501 /* icon_pin@2x.png */ = {isa = PBXFileReference; lastKnownFileType = image.png; path = "icon_pin@2x.png"; sourceTree = "<group>"; };
/* End PBXFileReference section */

/* Begin PBXFrameworksBuildPhase section */
		3D1C9DD019F4FA6E00EEE501 /* Frameworks */ = {
			isa = PBXFrameworksBuildPhase;
			buildActionMask = 2147483647;
			files = (
				3D1C9E1619F4FFB300EEE501 /* MapKit.framework in Frameworks */,
			);
			runOnlyForDeploymentPostprocessing = 0;
		};
		3D1C9DEC19F4FA6E00EEE501 /* Frameworks */ = {
			isa = PBXFrameworksBuildPhase;
			buildActionMask = 2147483647;
			files = (
			);
			runOnlyForDeploymentPostprocessing = 0;
		};
/* End PBXFrameworksBuildPhase section */

/* Begin PBXGroup section */
		3D1C9DCA19F4FA6E00EEE501 = {
			isa = PBXGroup;
			children = (
				3D1C9E1519F4FFB300EEE501 /* MapKit.framework */,
				3D1C9DD519F4FA6E00EEE501 /* uTikoClusterizationTesting */,
				3D1C9DF219F4FA6E00EEE501 /* uTikoClusterizationTestingTests */,
				3D1C9DD419F4FA6E00EEE501 /* Products */,
			);
			sourceTree = "<group>";
		};
		3D1C9DD419F4FA6E00EEE501 /* Products */ = {
			isa = PBXGroup;
			children = (
				3D1C9DD319F4FA6E00EEE501 /* uTikoClusterizationTesting.app */,
				3D1C9DEF19F4FA6E00EEE501 /* uTikoClusterizationTestingTests.xctest */,
			);
			name = Products;
			sourceTree = "<group>";
		};
		3D1C9DD519F4FA6E00EEE501 /* uTikoClusterizationTesting */ = {
			isa = PBXGroup;
			children = (
				3D1C9DFF19F4FD4200EEE501 /* Clustering */,
				3D1C9DDA19F4FA6E00EEE501 /* AppDelegate.h */,
				3D1C9DDB19F4FA6E00EEE501 /* AppDelegate.m */,
				3D1C9DE019F4FA6E00EEE501 /* ViewController.h */,
				3D1C9DE119F4FA6E00EEE501 /* ViewController.m */,
				3D1C9E1719F5056D00EEE501 /* AirportAnnotationObject.h */,
				3D1C9E1819F5056D00EEE501 /* AirportAnnotationObject.m */,
				3D1C9E1C19F54CC700EEE501 /* ClusterAnnotationView.h */,
				3D1C9E1D19F54CC700EEE501 /* ClusterAnnotationView.m */,
				3D1C9DE319F4FA6E00EEE501 /* Main.storyboard */,
				3D1C9DE619F4FA6E00EEE501 /* Images.xcassets */,
				3D1C9DE819F4FA6E00EEE501 /* LaunchScreen.xib */,
				3D1C9DDD19F4FA6E00EEE501 /* uTikoClusterizationTesting.xcdatamodeld */,
				3D1C9DD619F4FA6E00EEE501 /* Supporting Files */,
			);
			path = uTikoClusterizationTesting;
			sourceTree = "<group>";
		};
		3D1C9DD619F4FA6E00EEE501 /* Supporting Files */ = {
			isa = PBXGroup;
			children = (
				3D1C9E1A19F506BC00EEE501 /* Airports.plist */,
				3D1C9DD719F4FA6E00EEE501 /* Info.plist */,
				3D1C9E1F19F54D8B00EEE501 /* icon_cluster@2x.png */,
				3D1C9E2019F54D8B00EEE501 /* icon_pin@2x.png */,
				3D1C9DD819F4FA6E00EEE501 /* main.m */,
			);
			name = "Supporting Files";
			sourceTree = "<group>";
		};
		3D1C9DF219F4FA6E00EEE501 /* uTikoClusterizationTestingTests */ = {
			isa = PBXGroup;
			children = (
				3D1C9DF519F4FA6E00EEE501 /* uTikoClusterizationTestingTests.m */,
				3D1C9DF319F4FA6E00EEE501 /* Supporting Files */,
			);
			path = uTikoClusterizationTestingTests;
			sourceTree = "<group>";
		};
		3D1C9DF319F4FA6E00EEE501 /* Supporting Files */ = {
			isa = PBXGroup;
			children = (
				3D1C9DF419F4FA6E00EEE501 /* Info.plist */,
			);
			name = "Supporting Files";
			sourceTree = "<group>";
		};
		3D1C9DFF19F4FD4200EEE501 /* Clustering */ = {
			isa = PBXGroup;
			children = (
				3D1C9E0819F4FD4200EEE501 /* uTikoMKAnnotationObject.h */,
				3D1C9E0919F4FD4200EEE501 /* uTikoMKAnnotationObject.m */,
				3D1C9E0A19F4FD4200EEE501 /* uTikoMKClusterAnnotation.h */,
				3D1C9E0B19F4FD4200EEE501 /* uTikoMKClusterAnnotation.m */,
				3D1C9E0C19F4FD4200EEE501 /* uTikoMKClusterController.h */,
				3D1C9E0D19F4FD4200EEE501 /* uTikoMKClusterController.m */,
			);
			path = Clustering;
			sourceTree = "<group>";
		};
/* End PBXGroup section */

/* Begin PBXNativeTarget section */
		3D1C9DD219F4FA6E00EEE501 /* uTikoClusterizationTesting */ = {
			isa = PBXNativeTarget;
			buildConfigurationList = 3D1C9DF919F4FA6F00EEE501 /* Build configuration list for PBXNativeTarget "uTikoClusterizationTesting" */;
			buildPhases = (
				3D1C9DCF19F4FA6E00EEE501 /* Sources */,
				3D1C9DD019F4FA6E00EEE501 /* Frameworks */,
				3D1C9DD119F4FA6E00EEE501 /* Resources */,
			);
			buildRules = (
			);
			dependencies = (
			);
			name = uTikoClusterizationTesting;
			productName = uTikoClusterizationTesting;
			productReference = 3D1C9DD319F4FA6E00EEE501 /* uTikoClusterizationTesting.app */;
			productType = "com.apple.product-type.application";
		};
		3D1C9DEE19F4FA6E00EEE501 /* uTikoClusterizationTestingTests */ = {
			isa = PBXNativeTarget;
			buildConfigurationList = 3D1C9DFC19F4FA6F00EEE501 /* Build configuration list for PBXNativeTarget "uTikoClusterizationTestingTests" */;
			buildPhases = (
				3D1C9DEB19F4FA6E00EEE501 /* Sources */,
				3D1C9DEC19F4FA6E00EEE501 /* Frameworks */,
				3D1C9DED19F4FA6E00EEE501 /* Resources */,
			);
			buildRules = (
			);
			dependencies = (
				3D1C9DF119F4FA6E00EEE501 /* PBXTargetDependency */,
			);
			name = uTikoClusterizationTestingTests;
			productName = uTikoClusterizationTestingTests;
			productReference = 3D1C9DEF19F4FA6E00EEE501 /* uTikoClusterizationTestingTests.xctest */;
			productType = "com.apple.product-type.bundle.unit-test";
		};
/* End PBXNativeTarget section */

/* Begin PBXProject section */
		3D1C9DCB19F4FA6E00EEE501 /* Project object */ = {
			isa = PBXProject;
			attributes = {
				LastUpgradeCheck = 0600;
				ORGANIZATIONNAME = Stfalcon;
				TargetAttributes = {
					3D1C9DD219F4FA6E00EEE501 = {
						CreatedOnToolsVersion = 6.0.1;
					};
					3D1C9DEE19F4FA6E00EEE501 = {
						CreatedOnToolsVersion = 6.0.1;
						TestTargetID = 3D1C9DD219F4FA6E00EEE501;
					};
				};
			};
			buildConfigurationList = 3D1C9DCE19F4FA6E00EEE501 /* Build configuration list for PBXProject "uTikoClusterizationTesting" */;
			compatibilityVersion = "Xcode 3.2";
			developmentRegion = English;
			hasScannedForEncodings = 0;
			knownRegions = (
				en,
				Base,
			);
			mainGroup = 3D1C9DCA19F4FA6E00EEE501;
			productRefGroup = 3D1C9DD419F4FA6E00EEE501 /* Products */;
			projectDirPath = "";
			projectRoot = "";
			targets = (
				3D1C9DD219F4FA6E00EEE501 /* uTikoClusterizationTesting */,
				3D1C9DEE19F4FA6E00EEE501 /* uTikoClusterizationTestingTests */,
			);
		};
/* End PBXProject section */

/* Begin PBXResourcesBuildPhase section */
		3D1C9DD119F4FA6E00EEE501 /* Resources */ = {
			isa = PBXResourcesBuildPhase;
			buildActionMask = 2147483647;
			files = (
				3D1C9E1B19F506BC00EEE501 /* Airports.plist in Resources */,
				3D1C9E2219F54D8B00EEE501 /* icon_pin@2x.png in Resources */,
				3D1C9DE519F4FA6E00EEE501 /* Main.storyboard in Resources */,
				3D1C9DEA19F4FA6E00EEE501 /* LaunchScreen.xib in Resources */,
				3D1C9DE719F4FA6E00EEE501 /* Images.xcassets in Resources */,
				3D1C9E2119F54D8B00EEE501 /* icon_cluster@2x.png in Resources */,
			);
			runOnlyForDeploymentPostprocessing = 0;
		};
		3D1C9DED19F4FA6E00EEE501 /* Resources */ = {
			isa = PBXResourcesBuildPhase;
			buildActionMask = 2147483647;
			files = (
			);
			runOnlyForDeploymentPostprocessing = 0;
		};
/* End PBXResourcesBuildPhase section */

/* Begin PBXSourcesBuildPhase section */
		3D1C9DCF19F4FA6E00EEE501 /* Sources */ = {
			isa = PBXSourcesBuildPhase;
			buildActionMask = 2147483647;
			files = (
				3D1C9E1E19F54CC700EEE501 /* ClusterAnnotationView.m in Sources */,
				3D1C9E1219F4FD4200EEE501 /* uTikoMKAnnotationObject.m in Sources */,
				3D1C9DDC19F4FA6E00EEE501 /* AppDelegate.m in Sources */,
				3D1C9E1319F4FD4200EEE501 /* uTikoMKClusterAnnotation.m in Sources */,
				3D1C9DDF19F4FA6E00EEE501 /* uTikoClusterizationTesting.xcdatamodeld in Sources */,
				3D1C9E1419F4FD4200EEE501 /* uTikoMKClusterController.m in Sources */,
				3D1C9DE219F4FA6E00EEE501 /* ViewController.m in Sources */,
				3D1C9DD919F4FA6E00EEE501 /* main.m in Sources */,
				3D1C9E1919F5056D00EEE501 /* AirportAnnotationObject.m in Sources */,
			);
			runOnlyForDeploymentPostprocessing = 0;
		};
		3D1C9DEB19F4FA6E00EEE501 /* Sources */ = {
			isa = PBXSourcesBuildPhase;
			buildActionMask = 2147483647;
			files = (
				3D1C9DF619F4FA6E00EEE501 /* uTikoClusterizationTestingTests.m in Sources */,
			);
			runOnlyForDeploymentPostprocessing = 0;
		};
/* End PBXSourcesBuildPhase section */

/* Begin PBXTargetDependency section */
		3D1C9DF119F4FA6E00EEE501 /* PBXTargetDependency */ = {
			isa = PBXTargetDependency;
			target = 3D1C9DD219F4FA6E00EEE501 /* uTikoClusterizationTesting */;
			targetProxy = 3D1C9DF019F4FA6E00EEE501 /* PBXContainerItemProxy */;
		};
/* End PBXTargetDependency section */

/* Begin PBXVariantGroup section */
		3D1C9DE319F4FA6E00EEE501 /* Main.storyboard */ = {
			isa = PBXVariantGroup;
			children = (
				3D1C9DE419F4FA6E00EEE501 /* Base */,
			);
			name = Main.storyboard;
			sourceTree = "<group>";
		};
		3D1C9DE819F4FA6E00EEE501 /* LaunchScreen.xib */ = {
			isa = PBXVariantGroup;
			children = (
				3D1C9DE919F4FA6E00EEE501 /* Base */,
			);
			name = LaunchScreen.xib;
			sourceTree = "<group>";
		};
/* End PBXVariantGroup section */

/* Begin XCBuildConfiguration section */
		3D1C9DF719F4FA6F00EEE501 /* Debug */ = {
			isa = XCBuildConfiguration;
			buildSettings = {
				ALWAYS_SEARCH_USER_PATHS = NO;
				CLANG_CXX_LANGUAGE_STANDARD = "gnu++0x";
				CLANG_CXX_LIBRARY = "libc++";
				CLANG_ENABLE_MODULES = YES;
				CLANG_ENABLE_OBJC_ARC = YES;
				CLANG_WARN_BOOL_CONVERSION = YES;
				CLANG_WARN_CONSTANT_CONVERSION = YES;
				CLANG_WARN_DIRECT_OBJC_ISA_USAGE = YES_ERROR;
				CLANG_WARN_EMPTY_BODY = YES;
				CLANG_WARN_ENUM_CONVERSION = YES;
				CLANG_WARN_INT_CONVERSION = YES;
				CLANG_WARN_OBJC_ROOT_CLASS = YES_ERROR;
				CLANG_WARN_UNREACHABLE_CODE = YES;
				CLANG_WARN__DUPLICATE_METHOD_MATCH = YES;
				"CODE_SIGN_IDENTITY[sdk=iphoneos*]" = "iPhone Developer";
				COPY_PHASE_STRIP = NO;
				ENABLE_STRICT_OBJC_MSGSEND = YES;
				GCC_C_LANGUAGE_STANDARD = gnu99;
				GCC_DYNAMIC_NO_PIC = NO;
				GCC_OPTIMIZATION_LEVEL = 0;
				GCC_PREPROCESSOR_DEFINITIONS = (
					"DEBUG=1",
					"$(inherited)",
				);
				GCC_SYMBOLS_PRIVATE_EXTERN = NO;
				GCC_WARN_64_TO_32_BIT_CONVERSION = YES;
				GCC_WARN_ABOUT_RETURN_TYPE = YES_ERROR;
				GCC_WARN_UNDECLARED_SELECTOR = YES;
				GCC_WARN_UNINITIALIZED_AUTOS = YES_AGGRESSIVE;
				GCC_WARN_UNUSED_FUNCTION = YES;
				GCC_WARN_UNUSED_VARIABLE = YES;
				IPHONEOS_DEPLOYMENT_TARGET = 8.0;
				MTL_ENABLE_DEBUG_INFO = YES;
				ONLY_ACTIVE_ARCH = YES;
				SDKROOT = iphoneos;
			};
			name = Debug;
		};
		3D1C9DF819F4FA6F00EEE501 /* Release */ = {
			isa = XCBuildConfiguration;
			buildSettings = {
				ALWAYS_SEARCH_USER_PATHS = NO;
				CLANG_CXX_LANGUAGE_STANDARD = "gnu++0x";
				CLANG_CXX_LIBRARY = "libc++";
				CLANG_ENABLE_MODULES = YES;
				CLANG_ENABLE_OBJC_ARC = YES;
				CLANG_WARN_BOOL_CONVERSION = YES;
				CLANG_WARN_CONSTANT_CONVERSION = YES;
				CLANG_WARN_DIRECT_OBJC_ISA_USAGE = YES_ERROR;
				CLANG_WARN_EMPTY_BODY = YES;
				CLANG_WARN_ENUM_CONVERSION = YES;
				CLANG_WARN_INT_CONVERSION = YES;
				CLANG_WARN_OBJC_ROOT_CLASS = YES_ERROR;
				CLANG_WARN_UNREACHABLE_CODE = YES;
				CLANG_WARN__DUPLICATE_METHOD_MATCH = YES;
				"CODE_SIGN_IDENTITY[sdk=iphoneos*]" = "iPhone Developer";
				COPY_PHASE_STRIP = YES;
				ENABLE_NS_ASSERTIONS = NO;
				ENABLE_STRICT_OBJC_MSGSEND = YES;
				GCC_C_LANGUAGE_STANDARD = gnu99;
				GCC_WARN_64_TO_32_BIT_CONVERSION = YES;
				GCC_WARN_ABOUT_RETURN_TYPE = YES_ERROR;
				GCC_WARN_UNDECLARED_SELECTOR = YES;
				GCC_WARN_UNINITIALIZED_AUTOS = YES_AGGRESSIVE;
				GCC_WARN_UNUSED_FUNCTION = YES;
				GCC_WARN_UNUSED_VARIABLE = YES;
				IPHONEOS_DEPLOYMENT_TARGET = 8.0;
				MTL_ENABLE_DEBUG_INFO = NO;
				SDKROOT = iphoneos;
				VALIDATE_PRODUCT = YES;
			};
			name = Release;
		};
		3D1C9DFA19F4FA6F00EEE501 /* Debug */ = {
			isa = XCBuildConfiguration;
			buildSettings = {
				ASSETCATALOG_COMPILER_APPICON_NAME = AppIcon;
				INFOPLIST_FILE = uTikoClusterizationTesting/Info.plist;
				LD_RUNPATH_SEARCH_PATHS = "$(inherited) @executable_path/Frameworks";
				PRODUCT_NAME = "$(TARGET_NAME)";
			};
			name = Debug;
		};
		3D1C9DFB19F4FA6F00EEE501 /* Release */ = {
			isa = XCBuildConfiguration;
			buildSettings = {
				ASSETCATALOG_COMPILER_APPICON_NAME = AppIcon;
				INFOPLIST_FILE = uTikoClusterizationTesting/Info.plist;
				LD_RUNPATH_SEARCH_PATHS = "$(inherited) @executable_path/Frameworks";
				PRODUCT_NAME = "$(TARGET_NAME)";
			};
			name = Release;
		};
		3D1C9DFD19F4FA6F00EEE501 /* Debug */ = {
			isa = XCBuildConfiguration;
			buildSettings = {
				BUNDLE_LOADER = "$(TEST_HOST)";
				FRAMEWORK_SEARCH_PATHS = (
					"$(SDKROOT)/Developer/Library/Frameworks",
					"$(inherited)",
				);
				GCC_PREPROCESSOR_DEFINITIONS = (
					"DEBUG=1",
					"$(inherited)",
				);
				INFOPLIST_FILE = uTikoClusterizationTestingTests/Info.plist;
				LD_RUNPATH_SEARCH_PATHS = "$(inherited) @executable_path/Frameworks @loader_path/Frameworks";
				PRODUCT_NAME = "$(TARGET_NAME)";
				TEST_HOST = "$(BUILT_PRODUCTS_DIR)/uTikoClusterizationTesting.app/uTikoClusterizationTesting";
			};
			name = Debug;
		};
		3D1C9DFE19F4FA6F00EEE501 /* Release */ = {
			isa = XCBuildConfiguration;
			buildSettings = {
				BUNDLE_LOADER = "$(TEST_HOST)";
				FRAMEWORK_SEARCH_PATHS = (
					"$(SDKROOT)/Developer/Library/Frameworks",
					"$(inherited)",
				);
				INFOPLIST_FILE = uTikoClusterizationTestingTests/Info.plist;
				LD_RUNPATH_SEARCH_PATHS = "$(inherited) @executable_path/Frameworks @loader_path/Frameworks";
				PRODUCT_NAME = "$(TARGET_NAME)";
				TEST_HOST = "$(BUILT_PRODUCTS_DIR)/uTikoClusterizationTesting.app/uTikoClusterizationTesting";
			};
			name = Release;
		};
/* End XCBuildConfiguration section */

/* Begin XCConfigurationList section */
		3D1C9DCE19F4FA6E00EEE501 /* Build configuration list for PBXProject "uTikoClusterizationTesting" */ = {
			isa = XCConfigurationList;
			buildConfigurations = (
				3D1C9DF719F4FA6F00EEE501 /* Debug */,
				3D1C9DF819F4FA6F00EEE501 /* Release */,
			);
			defaultConfigurationIsVisible = 0;
			defaultConfigurationName = Release;
		};
		3D1C9DF919F4FA6F00EEE501 /* Build configuration list for PBXNativeTarget "uTikoClusterizationTesting" */ = {
			isa = XCConfigurationList;
			buildConfigurations = (
				3D1C9DFA19F4FA6F00EEE501 /* Debug */,
				3D1C9DFB19F4FA6F00EEE501 /* Release */,
			);
			defaultConfigurationIsVisible = 0;
		};
		3D1C9DFC19F4FA6F00EEE501 /* Build configuration list for PBXNativeTarget "uTikoClusterizationTestingTests" */ = {
			isa = XCConfigurationList;
			buildConfigurations = (
				3D1C9DFD19F4FA6F00EEE501 /* Debug */,
				3D1C9DFE19F4FA6F00EEE501 /* Release */,
			);
			defaultConfigurationIsVisible = 0;
		};
/* End XCConfigurationList section */

/* Begin XCVersionGroup section */
		3D1C9DDD19F4FA6E00EEE501 /* uTikoClusterizationTesting.xcdatamodeld */ = {
			isa = XCVersionGroup;
			children = (
				3D1C9DDE19F4FA6E00EEE501 /* uTikoClusterizationTesting.xcdatamodel */,
			);
			currentVersion = 3D1C9DDE19F4FA6E00EEE501 /* uTikoClusterizationTesting.xcdatamodel */;
			path = uTikoClusterizationTesting.xcdatamodeld;
			sourceTree = "<group>";
			versionGroupType = wrapper.xcdatamodel;
		};
/* End XCVersionGroup section */
	};
	rootObject = 3D1C9DCB19F4FA6E00EEE501 /* Project object */;
}
